<?xml version="1.0" encoding="utf-8"?>
<Project ToolsVersion="4.0" xmlns="http://schemas.microsoft.com/developer/msbuild/2003">
  <ItemGroup>
    <Filter Include="GUI">
      <UniqueIdentifier>{4f8c011d-321f-4c99-b8ab-2f3b3ac89296}</UniqueIdentifier>
    </Filter>
    <Filter Include="Core">
      <UniqueIdentifier>{e7d98800-a04f-4483-9b2b-6beda82df92c}</UniqueIdentifier>
    </Filter>
    <Filter Include="Other">
      <UniqueIdentifier>{4FC737F1-C7A5-4376-A066-2A32D752A2FF}</UniqueIdentifier>
      <Extensions>cpp;c;cc;cxx;def;odl;idl;hpj;bat;asm;asmx</Extensions>
    </Filter>
    <Filter Include="SymbolInfo">
      <UniqueIdentifier>{c76bd642-46f6-42a0-9c4b-bd429337dab9}</UniqueIdentifier>
    </Filter>
    <Filter Include="Plugin">
      <UniqueIdentifier>{e59ba9ce-cc82-478c-bf19-5d4901d853d6}</UniqueIdentifier>
    </Filter>
    <Filter Include="Economy">
      <UniqueIdentifier>{7181c447-0cef-4ac2-9a62-4ccc26e256f0}</UniqueIdentifier>
    </Filter>
    <Filter Include="Guild">
      <UniqueIdentifier>{fc4558a5-aa09-4c5a-8a42-6320d7fa75a5}</UniqueIdentifier>
    </Filter>
    <Filter Include="SimpleIni">
      <UniqueIdentifier>{c48a25ca-977d-48f5-b14c-a559b9e2a728}</UniqueIdentifier>
    </Filter>
    <Filter Include="RPG">
      <UniqueIdentifier>{9783898f-f4c1-487d-80f0-cb9ae7f4a241}</UniqueIdentifier>
    </Filter>
  </ItemGroup>
  <ItemGroup>
    <ClInclude Include="Symbol.hpp">
      <Filter>SymbolInfo</Filter>
    </ClInclude>
    <ClInclude Include="BDSAPI.hpp">
      <Filter>Core</Filter>
    </ClInclude>
    <ClInclude Include="Prebuild.h">
      <Filter>Other</Filter>
    </ClInclude>
    <ClInclude Include="SimpleIni\SimpleIni.h">
      <Filter>SimpleIni</Filter>
    </ClInclude>
    <ClInclude Include="SimpleIni\ConvertUTF.h">
      <Filter>SimpleIni</Filter>
    </ClInclude>
    <ClInclude Include="Bstream.h">
      <Filter>GUI</Filter>
    </ClInclude>
    <ClInclude Include="myPacket.h">
      <Filter>GUI</Filter>
    </ClInclude>
    <ClInclude Include="varint.h">
      <Filter>GUI</Filter>
    </ClInclude>
  </ItemGroup>
  <ItemGroup>
    <ClCompile Include="Mainhoosk.cpp">
      <Filter>Core</Filter>
    </ClCompile>
    <ClCompile Include="Prebuild.cpp">
      <Filter>Other</Filter>
    </ClCompile>
    <ClCompile Include="Economy.cpp">
      <Filter>Economy</Filter>
    </ClCompile>
    <ClCompile Include="CConfig.cpp">
      <Filter>Core</Filter>
    </ClCompile>
    <ClCompile Include="LockBox.cpp">
      <Filter>Plugin</Filter>
    </ClCompile>
    <ClCompile Include="Guild.cpp">
      <Filter>Guild</Filter>
    </ClCompile>
    <ClCompile Include="SimpleIni\ConvertUTF.c">
      <Filter>SimpleIni</Filter>
    </ClCompile>
    <ClCompile Include="RPG.cpp">
      <Filter>RPG</Filter>
    </ClCompile>
    <ClCompile Include="Command.cpp">
      <Filter>Plugin</Filter>
    </ClCompile>
    <ClCompile Include="Land.cpp">
      <Filter>RPG</Filter>
    </ClCompile>
    <ClCompile Include="PlayerEvent.cpp">
      <Filter>Plugin</Filter>
    </ClCompile>
    <ClCompile Include="AwardBox.cpp">
      <Filter>RPG</Filter>
    </ClCompile>
    <ClCompile Include="ChestShop.cpp">
      <Filter>Plugin</Filter>
    </ClCompile>
    <ClCompile Include="KWForm.cpp">
      <Filter>GUI</Filter>
    </ClCompile>
    <ClCompile Include="Shop.cpp">
      <Filter>Plugin</Filter>
    </ClCompile>
  </ItemGroup>
  <ItemGroup>
    <None Include="SimpleIni\ini.syn">
      <Filter>SimpleIni</Filter>
    </None>
    <None Include="SimpleIni\Makefile">
      <Filter>SimpleIni</Filter>
    </None>
    <None Include="SimpleIni\package.cmd">
      <Filter>SimpleIni</Filter>
    </None>
    <None Include="SimpleIni\README.md">
      <Filter>SimpleIni</Filter>
    </None>
    <None Include="SimpleIni\simpleini.doxy">
      <Filter>SimpleIni</Filter>
    </None>
    <None Include="SimpleIni\simpleini.dsp">
      <Filter>SimpleIni</Filter>
    </None>
    <None Include="SimpleIni\simpleini.dsw">
      <Filter>SimpleIni</Filter>
    </None>
    <None Include="SimpleIni\SimpleIni.sln">
      <Filter>SimpleIni</Filter>
    </None>
    <None Include="SimpleIni\SimpleIni.vcproj">
      <Filter>SimpleIni</Filter>
    </None>
    <None Include="SimpleIni\.travis.yml">
      <Filter>SimpleIni</Filter>
    </None>
  </ItemGroup>
  <ItemGroup>
    <Text Include="SimpleIni\LICENCE.txt">
      <Filter>SimpleIni</Filter>
    </Text>
  </ItemGroup>
</Project>